
Microsoft Visual Studio Solution File, Format Version 12.00
# Visual Studio 15
VisualStudioVersion = 15.0.28307.572
MinimumVisualStudioVersion = 10.0.40219.1
Project("{888888A0-9F3D-457C-B088-3A5042F75D52}") = "markov-bot1", "markov-bot1.pyproj", "{189EBD09-1225-4A8F-BCE2-3586D733CDCF}"
EndProject
Global
	GlobalSection(SolutionConfigurationPlatforms) = preSolution
		Debug|Any CPU = Debug|Any CPU
		Release|Any CPU = Release|Any CPU
	EndGlobalSection
	GlobalSection(ProjectConfigurationPlatforms) = postSolution
		{189EBD09-1225-4A8F-BCE2-3586D733CDCF}.Debug|Any CPU.ActiveCfg = Debug|Any CPU
		{189EBD09-1225-4A8F-BCE2-3586D733CDCF}.Release|Any CPU.ActiveCfg = Release|Any CPU
	EndGlobalSection
	GlobalSection(SolutionProperties) = preSolution
		HideSolutionNode = FALSE
	EndGlobalSection
	GlobalSection(ExtensibilityGlobals) = postSolution
		SolutionGuid = {F7A2763C-5A2B-47CE-AE09-CEBA876374F9}
	EndGlobalSection
EndGlobal
